// !$*UTF8*$!
{
	archiveVersion = 1;
	classes = {
	};
	objectVersion = 46;
	objects = {

/* Begin PBXBuildFile section */
		D5C8CAFC82AF7904D47FE2C5 /* Pods.framework in Frameworks */ = {isa = PBXBuildFile; fileRef = 25FA2FE161EC0CC8F11C6753 /* Pods.framework */; };
		DE0C11CC1BE47B5F00282E36 /* InventoryTableViewController.swift in Sources */ = {isa = PBXBuildFile; fileRef = DE0C11CB1BE47B5F00282E36 /* InventoryTableViewController.swift */; };
		DE38CF1E1C0229BE00F3A5AD /* default-placeholder-300x300.png in Resources */ = {isa = PBXBuildFile; fileRef = DE38CF1D1C0229BE00F3A5AD /* default-placeholder-300x300.png */; };
		DEA31C691C0BB83100FAB110 /* string_extension.swift in Sources */ = {isa = PBXBuildFile; fileRef = DEA31C681C0BB83100FAB110 /* string_extension.swift */; };
		DEC51F6C1BE3969200672069 /* RoomsViewController.swift in Sources */ = {isa = PBXBuildFile; fileRef = DEC51F6B1BE3969200672069 /* RoomsViewController.swift */; };
		DEC51F701BE3ADAD00672069 /* RoomViewController.swift in Sources */ = {isa = PBXBuildFile; fileRef = DEC51F6F1BE3ADAD00672069 /* RoomViewController.swift */; };
		DECD008F1BE17EAC006A5B7E /* AppDelegate.swift in Sources */ = {isa = PBXBuildFile; fileRef = DECD008E1BE17EAC006A5B7E /* AppDelegate.swift */; };
		DECD00911BE17EAC006A5B7E /* ProfileController.swift in Sources */ = {isa = PBXBuildFile; fileRef = DECD00901BE17EAC006A5B7E /* ProfileController.swift */; };
		DECD00941BE17EAC006A5B7E /* Main.storyboard in Resources */ = {isa = PBXBuildFile; fileRef = DECD00921BE17EAC006A5B7E /* Main.storyboard */; };
		DECD00971BE17EAC006A5B7E /* HomeInventory.xcdatamodeld in Sources */ = {isa = PBXBuildFile; fileRef = DECD00951BE17EAC006A5B7E /* HomeInventory.xcdatamodeld */; };
		DECD00991BE17EAC006A5B7E /* Assets.xcassets in Resources */ = {isa = PBXBuildFile; fileRef = DECD00981BE17EAC006A5B7E /* Assets.xcassets */; };
		DECD009C1BE17EAC006A5B7E /* LaunchScreen.storyboard in Resources */ = {isa = PBXBuildFile; fileRef = DECD009A1BE17EAC006A5B7E /* LaunchScreen.storyboard */; };
		DECD00AC1BE17F97006A5B7E /* Profile.swift in Sources */ = {isa = PBXBuildFile; fileRef = DECD00A61BE17F97006A5B7E /* Profile.swift */; };
		DECD00B01BE19287006A5B7E /* EditProfileController.swift in Sources */ = {isa = PBXBuildFile; fileRef = DECD00AF1BE19287006A5B7E /* EditProfileController.swift */; };
		DECD00BE1BE1C411006A5B7E /* Inventory.swift in Sources */ = {isa = PBXBuildFile; fileRef = DECD00B91BE1C411006A5B7E /* Inventory.swift */; };
		DED029D51BFD83E600E63B8F /* Room.swift in Sources */ = {isa = PBXBuildFile; fileRef = DED029D41BFD83E600E63B8F /* Room.swift */; };
		DEDE97D21C017BAA007ECE78 /* ItemDetailViewController.swift in Sources */ = {isa = PBXBuildFile; fileRef = DEDE97D11C017BAA007ECE78 /* ItemDetailViewController.swift */; };
		DEE2B1341C0F5AEC0030C114 /* HomeInventoryUITests.swift in Sources */ = {isa = PBXBuildFile; fileRef = DEE2B1331C0F5AEC0030C114 /* HomeInventoryUITests.swift */; };
		DEE2B13C1C0F5B6E0030C114 /* SnapshotHelper.swift in Sources */ = {isa = PBXBuildFile; fileRef = DEE2B13B1C0F5B6E0030C114 /* SnapshotHelper.swift */; };
		DEF4D45A1C07EB3600C02B3E /* inventory.png in Resources */ = {isa = PBXBuildFile; fileRef = DEF4D4581C07EB3600C02B3E /* inventory.png */; };
		DEF4D45B1C07EB3600C02B3E /* room.png in Resources */ = {isa = PBXBuildFile; fileRef = DEF4D4591C07EB3600C02B3E /* room.png */; };
		DEF4D45D1C07EBEC00C02B3E /* profile.png in Resources */ = {isa = PBXBuildFile; fileRef = DEF4D45C1C07EBEC00C02B3E /* profile.png */; };
		DEF622141BE5165200D28EC9 /* AddItemViewController.swift in Sources */ = {isa = PBXBuildFile; fileRef = DEF622131BE5165200D28EC9 /* AddItemViewController.swift */; };
/* End PBXBuildFile section */

/* Begin PBXContainerItemProxy section */
		DEE2B1361C0F5AEC0030C114 /* PBXContainerItemProxy */ = {
			isa = PBXContainerItemProxy;
			containerPortal = DECD00831BE17EAC006A5B7E /* Project object */;
			proxyType = 1;
			remoteGlobalIDString = DECD008A1BE17EAC006A5B7E;
			remoteInfo = HomeInventory;
		};
/* End PBXContainerItemProxy section */

/* Begin PBXFileReference section */
		25FA2FE161EC0CC8F11C6753 /* Pods.framework */ = {isa = PBXFileReference; explicitFileType = wrapper.framework; includeInIndex = 0; path = Pods.framework; sourceTree = BUILT_PRODUCTS_DIR; };
		5A3195AEDC59007088721135 /* Pods.release.xcconfig */ = {isa = PBXFileReference; includeInIndex = 1; lastKnownFileType = text.xcconfig; name = Pods.release.xcconfig; path = "Pods/Target Support Files/Pods/Pods.release.xcconfig"; sourceTree = "<group>"; };
		CE811725F7FA3E69CC32E736 /* Pods.debug.xcconfig */ = {isa = PBXFileReference; includeInIndex = 1; lastKnownFileType = text.xcconfig; name = Pods.debug.xcconfig; path = "Pods/Target Support Files/Pods/Pods.debug.xcconfig"; sourceTree = "<group>"; };
		DE0C11CB1BE47B5F00282E36 /* InventoryTableViewController.swift */ = {isa = PBXFileReference; fileEncoding = 4; lastKnownFileType = sourcecode.swift; path = InventoryTableViewController.swift; sourceTree = "<group>"; };
		DE38CF1D1C0229BE00F3A5AD /* default-placeholder-300x300.png */ = {isa = PBXFileReference; lastKnownFileType = image.png; path = "default-placeholder-300x300.png"; sourceTree = "<group>"; };
		DEA31C681C0BB83100FAB110 /* string_extension.swift */ = {isa = PBXFileReference; fileEncoding = 4; lastKnownFileType = sourcecode.swift; path = string_extension.swift; sourceTree = "<group>"; };
		DEC51F6B1BE3969200672069 /* RoomsViewController.swift */ = {isa = PBXFileReference; fileEncoding = 4; lastKnownFileType = sourcecode.swift; path = RoomsViewController.swift; sourceTree = "<group>"; };
		DEC51F6F1BE3ADAD00672069 /* RoomViewController.swift */ = {isa = PBXFileReference; fileEncoding = 4; lastKnownFileType = sourcecode.swift; path = RoomViewController.swift; sourceTree = "<group>"; };
		DECD008B1BE17EAC006A5B7E /* HomeInventory.app */ = {isa = PBXFileReference; explicitFileType = wrapper.application; includeInIndex = 0; path = HomeInventory.app; sourceTree = BUILT_PRODUCTS_DIR; };
		DECD008E1BE17EAC006A5B7E /* AppDelegate.swift */ = {isa = PBXFileReference; lastKnownFileType = sourcecode.swift; path = AppDelegate.swift; sourceTree = "<group>"; };
		DECD00901BE17EAC006A5B7E /* ProfileController.swift */ = {isa = PBXFileReference; lastKnownFileType = sourcecode.swift; path = ProfileController.swift; sourceTree = "<group>"; };
		DECD00931BE17EAC006A5B7E /* Base */ = {isa = PBXFileReference; lastKnownFileType = file.storyboard; name = Base; path = Base.lproj/Main.storyboard; sourceTree = "<group>"; };
		DECD00961BE17EAC006A5B7E /* HomeInventory.xcdatamodel */ = {isa = PBXFileReference; lastKnownFileType = wrapper.xcdatamodel; path = HomeInventory.xcdatamodel; sourceTree = "<group>"; };
		DECD00981BE17EAC006A5B7E /* Assets.xcassets */ = {isa = PBXFileReference; lastKnownFileType = folder.assetcatalog; path = Assets.xcassets; sourceTree = "<group>"; };
		DECD009B1BE17EAC006A5B7E /* Base */ = {isa = PBXFileReference; lastKnownFileType = file.storyboard; name = Base; path = Base.lproj/LaunchScreen.storyboard; sourceTree = "<group>"; };
		DECD009D1BE17EAC006A5B7E /* Info.plist */ = {isa = PBXFileReference; lastKnownFileType = text.plist.xml; path = Info.plist; sourceTree = "<group>"; };
		DECD00A61BE17F97006A5B7E /* Profile.swift */ = {isa = PBXFileReference; fileEncoding = 4; lastKnownFileType = sourcecode.swift; path = Profile.swift; sourceTree = "<group>"; };
		DECD00AF1BE19287006A5B7E /* EditProfileController.swift */ = {isa = PBXFileReference; fileEncoding = 4; lastKnownFileType = sourcecode.swift; path = EditProfileController.swift; sourceTree = "<group>"; };
		DECD00B91BE1C411006A5B7E /* Inventory.swift */ = {isa = PBXFileReference; fileEncoding = 4; lastKnownFileType = sourcecode.swift; path = Inventory.swift; sourceTree = "<group>"; };
		DED029D41BFD83E600E63B8F /* Room.swift */ = {isa = PBXFileReference; fileEncoding = 4; lastKnownFileType = sourcecode.swift; name = Room.swift; path = Models/Room.swift; sourceTree = "<group>"; };
		DEDE97D11C017BAA007ECE78 /* ItemDetailViewController.swift */ = {isa = PBXFileReference; fileEncoding = 4; lastKnownFileType = sourcecode.swift; path = ItemDetailViewController.swift; sourceTree = "<group>"; };
		DEE2B1311C0F5AEC0030C114 /* HomeInventoryUITests.xctest */ = {isa = PBXFileReference; explicitFileType = wrapper.cfbundle; includeInIndex = 0; path = HomeInventoryUITests.xctest; sourceTree = BUILT_PRODUCTS_DIR; };
		DEE2B1331C0F5AEC0030C114 /* HomeInventoryUITests.swift */ = {isa = PBXFileReference; lastKnownFileType = sourcecode.swift; path = HomeInventoryUITests.swift; sourceTree = "<group>"; };
		DEE2B1351C0F5AEC0030C114 /* Info.plist */ = {isa = PBXFileReference; lastKnownFileType = text.plist.xml; path = Info.plist; sourceTree = "<group>"; };
		DEE2B13B1C0F5B6E0030C114 /* SnapshotHelper.swift */ = {isa = PBXFileReference; fileEncoding = 4; lastKnownFileType = sourcecode.swift; path = SnapshotHelper.swift; sourceTree = "<group>"; };
		DEF4D4581C07EB3600C02B3E /* inventory.png */ = {isa = PBXFileReference; lastKnownFileType = image.png; path = inventory.png; sourceTree = "<group>"; };
		DEF4D4591C07EB3600C02B3E /* room.png */ = {isa = PBXFileReference; lastKnownFileType = image.png; path = room.png; sourceTree = "<group>"; };
		DEF4D45C1C07EBEC00C02B3E /* profile.png */ = {isa = PBXFileReference; lastKnownFileType = image.png; path = profile.png; sourceTree = "<group>"; };
		DEF622131BE5165200D28EC9 /* AddItemViewController.swift */ = {isa = PBXFileReference; fileEncoding = 4; lastKnownFileType = sourcecode.swift; path = AddItemViewController.swift; sourceTree = "<group>"; };
/* End PBXFileReference section */

/* Begin PBXFrameworksBuildPhase section */
		DECD00881BE17EAC006A5B7E /* Frameworks */ = {
			isa = PBXFrameworksBuildPhase;
			buildActionMask = 2147483647;
			files = (
				D5C8CAFC82AF7904D47FE2C5 /* Pods.framework in Frameworks */,
			);
			runOnlyForDeploymentPostprocessing = 0;
		};
		DEE2B12E1C0F5AEC0030C114 /* Frameworks */ = {
			isa = PBXFrameworksBuildPhase;
			buildActionMask = 2147483647;
			files = (
			);
			runOnlyForDeploymentPostprocessing = 0;
		};
/* End PBXFrameworksBuildPhase section */

/* Begin PBXGroup section */
		96406C6BD7001BABD08EC972 /* Pods */ = {
			isa = PBXGroup;
			children = (
				CE811725F7FA3E69CC32E736 /* Pods.debug.xcconfig */,
				5A3195AEDC59007088721135 /* Pods.release.xcconfig */,
			);
			name = Pods;
			sourceTree = "<group>";
		};
		DE38CF1F1C0229C800F3A5AD /* images */ = {
			isa = PBXGroup;
			children = (
				DEF4D45C1C07EBEC00C02B3E /* profile.png */,
				DEF4D4581C07EB3600C02B3E /* inventory.png */,
				DEF4D4591C07EB3600C02B3E /* room.png */,
				DE38CF1D1C0229BE00F3A5AD /* default-placeholder-300x300.png */,
			);
			name = images;
			sourceTree = "<group>";
		};
		DEA354CD1BFD81CB00DB6CC0 /* Frameworks */ = {
			isa = PBXGroup;
			children = (
				25FA2FE161EC0CC8F11C6753 /* Pods.framework */,
			);
			name = Frameworks;
			sourceTree = "<group>";
		};
		DECD00821BE17EAC006A5B7E = {
			isa = PBXGroup;
			children = (
				DEE2B1321C0F5AEC0030C114 /* HomeInventoryUITests */,
				DEA354CD1BFD81CB00DB6CC0 /* Frameworks */,
				DECD008D1BE17EAC006A5B7E /* HomeInventory */,
				DECD008C1BE17EAC006A5B7E /* Products */,
				96406C6BD7001BABD08EC972 /* Pods */,
			);
			sourceTree = "<group>";
		};
		DECD008C1BE17EAC006A5B7E /* Products */ = {
			isa = PBXGroup;
			children = (
				DECD008B1BE17EAC006A5B7E /* HomeInventory.app */,
				DEE2B1311C0F5AEC0030C114 /* HomeInventoryUITests.xctest */,
			);
			name = Products;
			sourceTree = "<group>";
		};
		DECD008D1BE17EAC006A5B7E /* HomeInventory */ = {
			isa = PBXGroup;
			children = (
				DE38CF1F1C0229C800F3A5AD /* images */,
				DED029D61BFD84AB00E63B8F /* Models */,
				DEF622131BE5165200D28EC9 /* AddItemViewController.swift */,
				DECD008E1BE17EAC006A5B7E /* AppDelegate.swift */,
				DECD00AF1BE19287006A5B7E /* EditProfileController.swift */,
				DE0C11CB1BE47B5F00282E36 /* InventoryTableViewController.swift */,
				DEDE97D11C017BAA007ECE78 /* ItemDetailViewController.swift */,
				DECD00921BE17EAC006A5B7E /* Main.storyboard */,
				DECD00901BE17EAC006A5B7E /* ProfileController.swift */,
				DEC51F6F1BE3ADAD00672069 /* RoomViewController.swift */,
				DEC51F6B1BE3969200672069 /* RoomsViewController.swift */,
				DECD00981BE17EAC006A5B7E /* Assets.xcassets */,
				DECD009A1BE17EAC006A5B7E /* LaunchScreen.storyboard */,
				DECD00951BE17EAC006A5B7E /* HomeInventory.xcdatamodeld */,
				DECD009D1BE17EAC006A5B7E /* Info.plist */,
				DEA31C681C0BB83100FAB110 /* string_extension.swift */,
			);
			path = HomeInventory;
			sourceTree = "<group>";
		};
		DED029D61BFD84AB00E63B8F /* Models */ = {
			isa = PBXGroup;
			children = (
				DECD00B91BE1C411006A5B7E /* Inventory.swift */,
				DECD00A61BE17F97006A5B7E /* Profile.swift */,
				DED029D41BFD83E600E63B8F /* Room.swift */,
			);
			name = Models;
			sourceTree = "<group>";
		};
		DEE2B1321C0F5AEC0030C114 /* HomeInventoryUITests */ = {
			isa = PBXGroup;
			children = (
				DEE2B13B1C0F5B6E0030C114 /* SnapshotHelper.swift */,
				DEE2B1331C0F5AEC0030C114 /* HomeInventoryUITests.swift */,
				DEE2B1351C0F5AEC0030C114 /* Info.plist */,
			);
			path = HomeInventoryUITests;
			sourceTree = "<group>";
		};
/* End PBXGroup section */

/* Begin PBXNativeTarget section */
		DECD008A1BE17EAC006A5B7E /* HomeInventory */ = {
			isa = PBXNativeTarget;
			buildConfigurationList = DECD00A01BE17EAC006A5B7E /* Build configuration list for PBXNativeTarget "HomeInventory" */;
			buildPhases = (
				45E762E707C46C6BA8F22CF5 /* Check Pods Manifest.lock */,
				DECD00871BE17EAC006A5B7E /* Sources */,
				DECD00881BE17EAC006A5B7E /* Frameworks */,
				DECD00891BE17EAC006A5B7E /* Resources */,
				C1ED7347026571A38B9D4876 /* Embed Pods Frameworks */,
				C1C2F8901154C96596BA634E /* Copy Pods Resources */,
			);
			buildRules = (
			);
			dependencies = (
			);
			name = HomeInventory;
			productName = HomeInventory;
			productReference = DECD008B1BE17EAC006A5B7E /* HomeInventory.app */;
			productType = "com.apple.product-type.application";
		};
		DEE2B1301C0F5AEC0030C114 /* HomeInventoryUITests */ = {
			isa = PBXNativeTarget;
			buildConfigurationList = DEE2B13A1C0F5AEC0030C114 /* Build configuration list for PBXNativeTarget "HomeInventoryUITests" */;
			buildPhases = (
				DEE2B12D1C0F5AEC0030C114 /* Sources */,
				DEE2B12E1C0F5AEC0030C114 /* Frameworks */,
				DEE2B12F1C0F5AEC0030C114 /* Resources */,
			);
			buildRules = (
			);
			dependencies = (
				DEE2B1371C0F5AEC0030C114 /* PBXTargetDependency */,
			);
			name = HomeInventoryUITests;
			productName = HomeInventoryUITests;
			productReference = DEE2B1311C0F5AEC0030C114 /* HomeInventoryUITests.xctest */;
			productType = "com.apple.product-type.bundle.ui-testing";
		};
/* End PBXNativeTarget section */

/* Begin PBXProject section */
		DECD00831BE17EAC006A5B7E /* Project object */ = {
			isa = PBXProject;
			attributes = {
				LastSwiftUpdateCheck = 0710;
				LastUpgradeCheck = 0710;
				ORGANIZATIONNAME = HashRocket;
				TargetAttributes = {
					DECD008A1BE17EAC006A5B7E = {
						CreatedOnToolsVersion = 7.1;
						DevelopmentTeam = 7QKXT44X7G;
					};
					DEE2B1301C0F5AEC0030C114 = {
						CreatedOnToolsVersion = 7.1.1;
						TestTargetID = DECD008A1BE17EAC006A5B7E;
					};
				};
			};
			buildConfigurationList = DECD00861BE17EAC006A5B7E /* Build configuration list for PBXProject "HomeInventory" */;
			compatibilityVersion = "Xcode 3.2";
			developmentRegion = English;
			hasScannedForEncodings = 0;
			knownRegions = (
				en,
				Base,
			);
			mainGroup = DECD00821BE17EAC006A5B7E;
			productRefGroup = DECD008C1BE17EAC006A5B7E /* Products */;
			projectDirPath = "";
			projectRoot = "";
			targets = (
				DECD008A1BE17EAC006A5B7E /* HomeInventory */,
				DEE2B1301C0F5AEC0030C114 /* HomeInventoryUITests */,
			);
		};
/* End PBXProject section */

/* Begin PBXResourcesBuildPhase section */
		DECD00891BE17EAC006A5B7E /* Resources */ = {
			isa = PBXResourcesBuildPhase;
			buildActionMask = 2147483647;
			files = (
				DECD009C1BE17EAC006A5B7E /* LaunchScreen.storyboard in Resources */,
				DEF4D45D1C07EBEC00C02B3E /* profile.png in Resources */,
				DECD00991BE17EAC006A5B7E /* Assets.xcassets in Resources */,
				DEF4D45A1C07EB3600C02B3E /* inventory.png in Resources */,
				DEF4D45B1C07EB3600C02B3E /* room.png in Resources */,
				DE38CF1E1C0229BE00F3A5AD /* default-placeholder-300x300.png in Resources */,
				DECD00941BE17EAC006A5B7E /* Main.storyboard in Resources */,
			);
			runOnlyForDeploymentPostprocessing = 0;
		};
		DEE2B12F1C0F5AEC0030C114 /* Resources */ = {
			isa = PBXResourcesBuildPhase;
			buildActionMask = 2147483647;
			files = (
			);
			runOnlyForDeploymentPostprocessing = 0;
		};
/* End PBXResourcesBuildPhase section */

/* Begin PBXShellScriptBuildPhase section */
		45E762E707C46C6BA8F22CF5 /* Check Pods Manifest.lock */ = {
			isa = PBXShellScriptBuildPhase;
			buildActionMask = 2147483647;
			files = (
			);
			inputPaths = (
			);
			name = "Check Pods Manifest.lock";
			outputPaths = (
			);
			runOnlyForDeploymentPostprocessing = 0;
			shellPath = /bin/sh;
			shellScript = "diff \"${PODS_ROOT}/../Podfile.lock\" \"${PODS_ROOT}/Manifest.lock\" > /dev/null\nif [[ $? != 0 ]] ; then\n    cat << EOM\nerror: The sandbox is not in sync with the Podfile.lock. Run 'pod install' or update your CocoaPods installation.\nEOM\n    exit 1\nfi\n";
			showEnvVarsInLog = 0;
		};
		C1C2F8901154C96596BA634E /* Copy Pods Resources */ = {
			isa = PBXShellScriptBuildPhase;
			buildActionMask = 2147483647;
			files = (
			);
			inputPaths = (
			);
			name = "Copy Pods Resources";
			outputPaths = (
			);
			runOnlyForDeploymentPostprocessing = 0;
			shellPath = /bin/sh;
			shellScript = "\"${SRCROOT}/Pods/Target Support Files/Pods/Pods-resources.sh\"\n";
			showEnvVarsInLog = 0;
		};
		C1ED7347026571A38B9D4876 /* Embed Pods Frameworks */ = {
			isa = PBXShellScriptBuildPhase;
			buildActionMask = 2147483647;
			files = (
			);
			inputPaths = (
			);
			name = "Embed Pods Frameworks";
			outputPaths = (
			);
			runOnlyForDeploymentPostprocessing = 0;
			shellPath = /bin/sh;
			shellScript = "\"${SRCROOT}/Pods/Target Support Files/Pods/Pods-frameworks.sh\"\n";
			showEnvVarsInLog = 0;
		};
/* End PBXShellScriptBuildPhase section */

/* Begin PBXSourcesBuildPhase section */
		DECD00871BE17EAC006A5B7E /* Sources */ = {
			isa = PBXSourcesBuildPhase;
			buildActionMask = 2147483647;
			files = (
				DECD00B01BE19287006A5B7E /* EditProfileController.swift in Sources */,
				DECD00BE1BE1C411006A5B7E /* Inventory.swift in Sources */,
				DEC51F701BE3ADAD00672069 /* RoomViewController.swift in Sources */,
				DECD00971BE17EAC006A5B7E /* HomeInventory.xcdatamodeld in Sources */,
				DECD00911BE17EAC006A5B7E /* ProfileController.swift in Sources */,
				DECD00AC1BE17F97006A5B7E /* Profile.swift in Sources */,
				DE0C11CC1BE47B5F00282E36 /* InventoryTableViewController.swift in Sources */,
				DECD008F1BE17EAC006A5B7E /* AppDelegate.swift in Sources */,
				DED029D51BFD83E600E63B8F /* Room.swift in Sources */,
				DEA31C691C0BB83100FAB110 /* string_extension.swift in Sources */,
				DEDE97D21C017BAA007ECE78 /* ItemDetailViewController.swift in Sources */,
				DEF622141BE5165200D28EC9 /* AddItemViewController.swift in Sources */,
				DEC51F6C1BE3969200672069 /* RoomsViewController.swift in Sources */,
			);
			runOnlyForDeploymentPostprocessing = 0;
		};
		DEE2B12D1C0F5AEC0030C114 /* Sources */ = {
			isa = PBXSourcesBuildPhase;
			buildActionMask = 2147483647;
			files = (
				DEE2B1341C0F5AEC0030C114 /* HomeInventoryUITests.swift in Sources */,
				DEE2B13C1C0F5B6E0030C114 /* SnapshotHelper.swift in Sources */,
			);
			runOnlyForDeploymentPostprocessing = 0;
		};
/* End PBXSourcesBuildPhase section */

/* Begin PBXTargetDependency section */
		DEE2B1371C0F5AEC0030C114 /* PBXTargetDependency */ = {
			isa = PBXTargetDependency;
			target = DECD008A1BE17EAC006A5B7E /* HomeInventory */;
			targetProxy = DEE2B1361C0F5AEC0030C114 /* PBXContainerItemProxy */;
		};
/* End PBXTargetDependency section */

/* Begin PBXVariantGroup section */
		DECD00921BE17EAC006A5B7E /* Main.storyboard */ = {
			isa = PBXVariantGroup;
			children = (
				DECD00931BE17EAC006A5B7E /* Base */,
			);
			name = Main.storyboard;
			sourceTree = "<group>";
		};
		DECD009A1BE17EAC006A5B7E /* LaunchScreen.storyboard */ = {
			isa = PBXVariantGroup;
			children = (
				DECD009B1BE17EAC006A5B7E /* Base */,
			);
			name = LaunchScreen.storyboard;
			sourceTree = "<group>";
		};
/* End PBXVariantGroup section */

/* Begin XCBuildConfiguration section */
		DECD009E1BE17EAC006A5B7E /* Debug */ = {
			isa = XCBuildConfiguration;
			buildSettings = {
				ALWAYS_SEARCH_USER_PATHS = NO;
				CLANG_CXX_LANGUAGE_STANDARD = "gnu++0x";
				CLANG_CXX_LIBRARY = "libc++";
				CLANG_ENABLE_MODULES = YES;
				CLANG_ENABLE_OBJC_ARC = YES;
				CLANG_WARN_BOOL_CONVERSION = YES;
				CLANG_WARN_CONSTANT_CONVERSION = YES;
				CLANG_WARN_DIRECT_OBJC_ISA_USAGE = YES_ERROR;
				CLANG_WARN_EMPTY_BODY = YES;
				CLANG_WARN_ENUM_CONVERSION = YES;
				CLANG_WARN_INT_CONVERSION = YES;
				CLANG_WARN_OBJC_ROOT_CLASS = YES_ERROR;
				CLANG_WARN_UNREACHABLE_CODE = YES;
				CLANG_WARN__DUPLICATE_METHOD_MATCH = YES;
				"CODE_SIGN_IDENTITY[sdk=iphoneos*]" = "iPhone Developer";
				COPY_PHASE_STRIP = NO;
				DEBUG_INFORMATION_FORMAT = dwarf;
				ENABLE_STRICT_OBJC_MSGSEND = YES;
				ENABLE_TESTABILITY = YES;
				GCC_C_LANGUAGE_STANDARD = gnu99;
				GCC_DYNAMIC_NO_PIC = NO;
				GCC_NO_COMMON_BLOCKS = YES;
				GCC_OPTIMIZATION_LEVEL = 0;
				GCC_PREPROCESSOR_DEFINITIONS = (
					"DEBUG=1",
					"$(inherited)",
				);
				GCC_WARN_64_TO_32_BIT_CONVERSION = YES;
				GCC_WARN_ABOUT_RETURN_TYPE = YES_ERROR;
				GCC_WARN_UNDECLARED_SELECTOR = YES;
				GCC_WARN_UNINITIALIZED_AUTOS = YES_AGGRESSIVE;
				GCC_WARN_UNUSED_FUNCTION = YES;
				GCC_WARN_UNUSED_VARIABLE = YES;
				IPHONEOS_DEPLOYMENT_TARGET = 9.1;
				MTL_ENABLE_DEBUG_INFO = YES;
				ONLY_ACTIVE_ARCH = YES;
				SDKROOT = iphoneos;
				SWIFT_OPTIMIZATION_LEVEL = "-Onone";
			};
			name = Debug;
		};
		DECD009F1BE17EAC006A5B7E /* Release */ = {
			isa = XCBuildConfiguration;
			buildSettings = {
				ALWAYS_SEARCH_USER_PATHS = NO;
				CLANG_CXX_LANGUAGE_STANDARD = "gnu++0x";
				CLANG_CXX_LIBRARY = "libc++";
				CLANG_ENABLE_MODULES = YES;
				CLANG_ENABLE_OBJC_ARC = YES;
				CLANG_WARN_BOOL_CONVERSION = YES;
				CLANG_WARN_CONSTANT_CONVERSION = YES;
				CLANG_WARN_DIRECT_OBJC_ISA_USAGE = YES_ERROR;
				CLANG_WARN_EMPTY_BODY = YES;
				CLANG_WARN_ENUM_CONVERSION = YES;
				CLANG_WARN_INT_CONVERSION = YES;
				CLANG_WARN_OBJC_ROOT_CLASS = YES_ERROR;
				CLANG_WARN_UNREACHABLE_CODE = YES;
				CLANG_WARN__DUPLICATE_METHOD_MATCH = YES;
				"CODE_SIGN_IDENTITY[sdk=iphoneos*]" = "iPhone Developer";
				COPY_PHASE_STRIP = NO;
				DEBUG_INFORMATION_FORMAT = "dwarf-with-dsym";
				ENABLE_NS_ASSERTIONS = NO;
				ENABLE_STRICT_OBJC_MSGSEND = YES;
				GCC_C_LANGUAGE_STANDARD = gnu99;
				GCC_NO_COMMON_BLOCKS = YES;
				GCC_WARN_64_TO_32_BIT_CONVERSION = YES;
				GCC_WARN_ABOUT_RETURN_TYPE = YES_ERROR;
				GCC_WARN_UNDECLARED_SELECTOR = YES;
				GCC_WARN_UNINITIALIZED_AUTOS = YES_AGGRESSIVE;
				GCC_WARN_UNUSED_FUNCTION = YES;
				GCC_WARN_UNUSED_VARIABLE = YES;
				IPHONEOS_DEPLOYMENT_TARGET = 9.1;
				MTL_ENABLE_DEBUG_INFO = NO;
				SDKROOT = iphoneos;
				VALIDATE_PRODUCT = YES;
			};
			name = Release;
		};
		DECD00A11BE17EAC006A5B7E /* Debug */ = {
			isa = XCBuildConfiguration;
			baseConfigurationReference = CE811725F7FA3E69CC32E736 /* Pods.debug.xcconfig */;
			buildSettings = {
				ASSETCATALOG_COMPILER_APPICON_NAME = AppIcon;
				CODE_SIGN_IDENTITY = "iPhone Developer";
				"CODE_SIGN_IDENTITY[sdk=iphoneos*]" = "iPhone Developer";
				FRAMEWORK_SEARCH_PATHS = (
					"$(inherited)",
					"$(PROJECT_DIR)",
				);
				INFOPLIST_FILE = HomeInventory/Info.plist;
				IPHONEOS_DEPLOYMENT_TARGET = 8.0;
				LD_RUNPATH_SEARCH_PATHS = "$(inherited) @executable_path/Frameworks";
				PRODUCT_BUNDLE_IDENTIFIER = com.chaoselevators.rooms;
				PRODUCT_NAME = "$(TARGET_NAME)";
				PROVISIONING_PROFILE = "ef9c7c5b-4209-47ac-8ec0-7ddbfc0175c8";
			};
			name = Debug;
		};
		DECD00A21BE17EAC006A5B7E /* Release */ = {
			isa = XCBuildConfiguration;
			baseConfigurationReference = 5A3195AEDC59007088721135 /* Pods.release.xcconfig */;
			buildSettings = {
				ASSETCATALOG_COMPILER_APPICON_NAME = AppIcon;
				CODE_SIGN_IDENTITY = "iPhone Distribution: Chaos Elevators, Inc. (7QKXT44X7G)";
				"CODE_SIGN_IDENTITY[sdk=iphoneos*]" = "iPhone Distribution: Chaos Elevators, Inc. (7QKXT44X7G)";
				FRAMEWORK_SEARCH_PATHS = (
					"$(inherited)",
					"$(PROJECT_DIR)",
				);
				INFOPLIST_FILE = HomeInventory/Info.plist;
				IPHONEOS_DEPLOYMENT_TARGET = 8.0;
				LD_RUNPATH_SEARCH_PATHS = "$(inherited) @executable_path/Frameworks";
				PRODUCT_BUNDLE_IDENTIFIER = com.chaoselevators.rooms;
				PRODUCT_NAME = "$(TARGET_NAME)";
				PROVISIONING_PROFILE = "ef9c7c5b-4209-47ac-8ec0-7ddbfc0175c8";
			};
			name = Release;
		};
		DEE2B1381C0F5AEC0030C114 /* Debug */ = {
			isa = XCBuildConfiguration;
			buildSettings = {
				INFOPLIST_FILE = HomeInventoryUITests/Info.plist;
				LD_RUNPATH_SEARCH_PATHS = "$(inherited) @executable_path/Frameworks @loader_path/Frameworks";
				PRODUCT_BUNDLE_IDENTIFIER = "Chaos-Elevators--Inc.HomeInventoryUITests";
				PRODUCT_NAME = "$(TARGET_NAME)";
				TEST_TARGET_NAME = HomeInventory;
				USES_XCTRUNNER = YES;
			};
			name = Debug;
		};
		DEE2B1391C0F5AEC0030C114 /* Release */ = {
			isa = XCBuildConfiguration;
			buildSettings = {
				INFOPLIST_FILE = HomeInventoryUITests/Info.plist;
				LD_RUNPATH_SEARCH_PATHS = "$(inherited) @executable_path/Frameworks @loader_path/Frameworks";
				PRODUCT_BUNDLE_IDENTIFIER = "Chaos-Elevators--Inc.HomeInventoryUITests";
				PRODUCT_NAME = "$(TARGET_NAME)";
				TEST_TARGET_NAME = HomeInventory;
				USES_XCTRUNNER = YES;
			};
			name = Release;
		};
/* End XCBuildConfiguration section */

/* Begin XCConfigurationList section */
		DECD00861BE17EAC006A5B7E /* Build configuration list for PBXProject "HomeInventory" */ = {
			isa = XCConfigurationList;
			buildConfigurations = (
				DECD009E1BE17EAC006A5B7E /* Debug */,
				DECD009F1BE17EAC006A5B7E /* Release */,
			);
			defaultConfigurationIsVisible = 0;
			defaultConfigurationName = Release;
		};
		DECD00A01BE17EAC006A5B7E /* Build configuration list for PBXNativeTarget "HomeInventory" */ = {
			isa = XCConfigurationList;
			buildConfigurations = (
				DECD00A11BE17EAC006A5B7E /* Debug */,
				DECD00A21BE17EAC006A5B7E /* Release */,
			);
			defaultConfigurationIsVisible = 0;
			defaultConfigurationName = Release;
		};
		DEE2B13A1C0F5AEC0030C114 /* Build configuration list for PBXNativeTarget "HomeInventoryUITests" */ = {
			isa = XCConfigurationList;
			buildConfigurations = (
				DEE2B1381C0F5AEC0030C114 /* Debug */,
				DEE2B1391C0F5AEC0030C114 /* Release */,
			);
			defaultConfigurationIsVisible = 0;
			defaultConfigurationName = Release;
		};
/* End XCConfigurationList section */

/* Begin XCVersionGroup section */
		DECD00951BE17EAC006A5B7E /* HomeInventory.xcdatamodeld */ = {
			isa = XCVersionGroup;
			children = (
				DECD00961BE17EAC006A5B7E /* HomeInventory.xcdatamodel */,
			);
			currentVersion = DECD00961BE17EAC006A5B7E /* HomeInventory.xcdatamodel */;
			path = HomeInventory.xcdatamodeld;
			sourceTree = "<group>";
			versionGroupType = wrapper.xcdatamodel;
		};
/* End XCVersionGroup section */
	};
	rootObject = DECD00831BE17EAC006A5B7E /* Project object */;
}
